
Microsoft Visual Studio Solution File, Format Version 12.00
# Visual Studio 15
VisualStudioVersion = 15.0.26430.14
MinimumVisualStudioVersion = 10.0.40219.1
Project("{FAE04EC0-301F-11D3-BF4B-00C04F79EFBC}") = "TweetToNewsCS", "TweetToNewsCS\TweetToNewsCS.csproj", "{1C847024-5B63-410C-BC2E-EBE4229D6CC0}"
EndProject
Project("{FAE04EC0-301F-11D3-BF4B-00C04F79EFBC}") = "TfIdfCalc", "TfIdfCalc\TfIdfCalc.csproj", "{C3B36E9D-9FFD-435B-8F7E-7C5CDA97FE5E}"
EndProject
Project("{FAE04EC0-301F-11D3-BF4B-00C04F79EFBC}") = "FollowNetworkGetter", "FollowNetworkGetter\FollowNetworkGetter.csproj", "{C7F7EFEE-3DD1-43F5-81F2-639A5974C4FA}"
EndProject
Project("{FAE04EC0-301F-11D3-BF4B-00C04F79EFBC}") = "TweetSearch", "TweetSearch\TweetSearch.csproj", "{D43D323E-F798-49A6-85DC-31F4D2FE1907}"
EndProject
Global
	GlobalSection(SolutionConfigurationPlatforms) = preSolution
		Debug|Any CPU = Debug|Any CPU
		Debug|ARM = Debug|ARM
		Debug|x64 = Debug|x64
		Debug|x86 = Debug|x86
		Release|Any CPU = Release|Any CPU
		Release|ARM = Release|ARM
		Release|x64 = Release|x64
		Release|x86 = Release|x86
	EndGlobalSection
	GlobalSection(ProjectConfigurationPlatforms) = postSolution
		{1C847024-5B63-410C-BC2E-EBE4229D6CC0}.Debug|Any CPU.ActiveCfg = Debug|Any CPU
		{1C847024-5B63-410C-BC2E-EBE4229D6CC0}.Debug|Any CPU.Build.0 = Debug|Any CPU
		{1C847024-5B63-410C-BC2E-EBE4229D6CC0}.Debug|ARM.ActiveCfg = Debug|Any CPU
		{1C847024-5B63-410C-BC2E-EBE4229D6CC0}.Debug|ARM.Build.0 = Debug|Any CPU
		{1C847024-5B63-410C-BC2E-EBE4229D6CC0}.Debug|x64.ActiveCfg = Debug|Any CPU
		{1C847024-5B63-410C-BC2E-EBE4229D6CC0}.Debug|x64.Build.0 = Debug|Any CPU
		{1C847024-5B63-410C-BC2E-EBE4229D6CC0}.Debug|x86.ActiveCfg = Debug|Any CPU
		{1C847024-5B63-410C-BC2E-EBE4229D6CC0}.Debug|x86.Build.0 = Debug|Any CPU
		{1C847024-5B63-410C-BC2E-EBE4229D6CC0}.Release|Any CPU.ActiveCfg = Release|Any CPU
		{1C847024-5B63-410C-BC2E-EBE4229D6CC0}.Release|Any CPU.Build.0 = Release|Any CPU
		{1C847024-5B63-410C-BC2E-EBE4229D6CC0}.Release|ARM.ActiveCfg = Release|Any CPU
		{1C847024-5B63-410C-BC2E-EBE4229D6CC0}.Release|ARM.Build.0 = Release|Any CPU
		{1C847024-5B63-410C-BC2E-EBE4229D6CC0}.Release|x64.ActiveCfg = Release|Any CPU
		{1C847024-5B63-410C-BC2E-EBE4229D6CC0}.Release|x64.Build.0 = Release|Any CPU
		{1C847024-5B63-410C-BC2E-EBE4229D6CC0}.Release|x86.ActiveCfg = Release|Any CPU
		{1C847024-5B63-410C-BC2E-EBE4229D6CC0}.Release|x86.Build.0 = Release|Any CPU
		{C3B36E9D-9FFD-435B-8F7E-7C5CDA97FE5E}.Debug|Any CPU.ActiveCfg = Debug|Any CPU
		{C3B36E9D-9FFD-435B-8F7E-7C5CDA97FE5E}.Debug|Any CPU.Build.0 = Debug|Any CPU
		{C3B36E9D-9FFD-435B-8F7E-7C5CDA97FE5E}.Debug|ARM.ActiveCfg = Debug|Any CPU
		{C3B36E9D-9FFD-435B-8F7E-7C5CDA97FE5E}.Debug|ARM.Build.0 = Debug|Any CPU
		{C3B36E9D-9FFD-435B-8F7E-7C5CDA97FE5E}.Debug|x64.ActiveCfg = Debug|Any CPU
		{C3B36E9D-9FFD-435B-8F7E-7C5CDA97FE5E}.Debug|x64.Build.0 = Debug|Any CPU
		{C3B36E9D-9FFD-435B-8F7E-7C5CDA97FE5E}.Debug|x86.ActiveCfg = Debug|Any CPU
		{C3B36E9D-9FFD-435B-8F7E-7C5CDA97FE5E}.Debug|x86.Build.0 = Debug|Any CPU
		{C3B36E9D-9FFD-435B-8F7E-7C5CDA97FE5E}.Release|Any CPU.ActiveCfg = Release|Any CPU
		{C3B36E9D-9FFD-435B-8F7E-7C5CDA97FE5E}.Release|Any CPU.Build.0 = Release|Any CPU
		{C3B36E9D-9FFD-435B-8F7E-7C5CDA97FE5E}.Release|ARM.ActiveCfg = Release|Any CPU
		{C3B36E9D-9FFD-435B-8F7E-7C5CDA97FE5E}.Release|ARM.Build.0 = Release|Any CPU
		{C3B36E9D-9FFD-435B-8F7E-7C5CDA97FE5E}.Release|x64.ActiveCfg = Release|Any CPU
		{C3B36E9D-9FFD-435B-8F7E-7C5CDA97FE5E}.Release|x64.Build.0 = Release|Any CPU
		{C3B36E9D-9FFD-435B-8F7E-7C5CDA97FE5E}.Release|x86.ActiveCfg = Release|Any CPU
		{C3B36E9D-9FFD-435B-8F7E-7C5CDA97FE5E}.Release|x86.Build.0 = Release|Any CPU
		{C7F7EFEE-3DD1-43F5-81F2-639A5974C4FA}.Debug|Any CPU.ActiveCfg = Debug|Any CPU
		{C7F7EFEE-3DD1-43F5-81F2-639A5974C4FA}.Debug|Any CPU.Build.0 = Debug|Any CPU
		{C7F7EFEE-3DD1-43F5-81F2-639A5974C4FA}.Debug|ARM.ActiveCfg = Debug|Any CPU
		{C7F7EFEE-3DD1-43F5-81F2-639A5974C4FA}.Debug|ARM.Build.0 = Debug|Any CPU
		{C7F7EFEE-3DD1-43F5-81F2-639A5974C4FA}.Debug|x64.ActiveCfg = Debug|Any CPU
		{C7F7EFEE-3DD1-43F5-81F2-639A5974C4FA}.Debug|x64.Build.0 = Debug|Any CPU
		{C7F7EFEE-3DD1-43F5-81F2-639A5974C4FA}.Debug|x86.ActiveCfg = Debug|Any CPU
		{C7F7EFEE-3DD1-43F5-81F2-639A5974C4FA}.Debug|x86.Build.0 = Debug|Any CPU
		{C7F7EFEE-3DD1-43F5-81F2-639A5974C4FA}.Release|Any CPU.ActiveCfg = Release|Any CPU
		{C7F7EFEE-3DD1-43F5-81F2-639A5974C4FA}.Release|Any CPU.Build.0 = Release|Any CPU
		{C7F7EFEE-3DD1-43F5-81F2-639A5974C4FA}.Release|ARM.ActiveCfg = Release|Any CPU
		{C7F7EFEE-3DD1-43F5-81F2-639A5974C4FA}.Release|ARM.Build.0 = Release|Any CPU
		{C7F7EFEE-3DD1-43F5-81F2-639A5974C4FA}.Release|x64.ActiveCfg = Release|Any CPU
		{C7F7EFEE-3DD1-43F5-81F2-639A5974C4FA}.Release|x64.Build.0 = Release|Any CPU
		{C7F7EFEE-3DD1-43F5-81F2-639A5974C4FA}.Release|x86.ActiveCfg = Release|Any CPU
		{C7F7EFEE-3DD1-43F5-81F2-639A5974C4FA}.Release|x86.Build.0 = Release|Any CPU
		{D43D323E-F798-49A6-85DC-31F4D2FE1907}.Debug|Any CPU.ActiveCfg = Debug|Any CPU
		{D43D323E-F798-49A6-85DC-31F4D2FE1907}.Debug|Any CPU.Build.0 = Debug|Any CPU
		{D43D323E-F798-49A6-85DC-31F4D2FE1907}.Debug|ARM.ActiveCfg = Debug|Any CPU
		{D43D323E-F798-49A6-85DC-31F4D2FE1907}.Debug|ARM.Build.0 = Debug|Any CPU
		{D43D323E-F798-49A6-85DC-31F4D2FE1907}.Debug|x64.ActiveCfg = Debug|Any CPU
		{D43D323E-F798-49A6-85DC-31F4D2FE1907}.Debug|x64.Build.0 = Debug|Any CPU
		{D43D323E-F798-49A6-85DC-31F4D2FE1907}.Debug|x86.ActiveCfg = Debug|Any CPU
		{D43D323E-F798-49A6-85DC-31F4D2FE1907}.Debug|x86.Build.0 = Debug|Any CPU
		{D43D323E-F798-49A6-85DC-31F4D2FE1907}.Release|Any CPU.ActiveCfg = Release|Any CPU
		{D43D323E-F798-49A6-85DC-31F4D2FE1907}.Release|Any CPU.Build.0 = Release|Any CPU
		{D43D323E-F798-49A6-85DC-31F4D2FE1907}.Release|ARM.ActiveCfg = Release|Any CPU
		{D43D323E-F798-49A6-85DC-31F4D2FE1907}.Release|ARM.Build.0 = Release|Any CPU
		{D43D323E-F798-49A6-85DC-31F4D2FE1907}.Release|x64.ActiveCfg = Release|Any CPU
		{D43D323E-F798-49A6-85DC-31F4D2FE1907}.Release|x64.Build.0 = Release|Any CPU
		{D43D323E-F798-49A6-85DC-31F4D2FE1907}.Release|x86.ActiveCfg = Release|Any CPU
		{D43D323E-F798-49A6-85DC-31F4D2FE1907}.Release|x86.Build.0 = Release|Any CPU
	EndGlobalSection
	GlobalSection(SolutionProperties) = preSolution
		HideSolutionNode = FALSE
	EndGlobalSection
EndGlobal
